
Microsoft Visual Studio Solution File, Format Version 11.00
# Visual Studio 2010
Project("{FAE04EC0-301F-11D3-BF4B-00C04F79EFBC}") = "SysDriver", "SysDriver\SysDriver.csproj", "{CA680AE9-289C-405B-A49C-3D06C76D4B2F}"
EndProject
Global
	GlobalSection(SolutionConfigurationPlatforms) = preSolution
		Debug|x86 = Debug|x86
		Release|x86 = Release|x86
	EndGlobalSection
	GlobalSection(ProjectConfigurationPlatforms) = postSolution
		{CA680AE9-289C-405B-A49C-3D06C76D4B2F}.Debug|x86.ActiveCfg = Debug|x86
		{CA680AE9-289C-405B-A49C-3D06C76D4B2F}.Debug|x86.Build.0 = Debug|x86
		{CA680AE9-289C-405B-A49C-3D06C76D4B2F}.Release|x86.ActiveCfg = Release|x86
		{CA680AE9-289C-405B-A49C-3D06C76D4B2F}.Release|x86.Build.0 = Release|x86
	EndGlobalSection
	GlobalSection(SolutionProperties) = preSolution
		HideSolutionNode = FALSE
	EndGlobalSection
EndGlobal
